
Microsoft Visual Studio Solution File, Format Version 12.00
# Visual Studio Version 17
VisualStudioVersion = 17.0.31903.59
MinimumVisualStudioVersion = 10.0.40219.1
Project("{2150E333-8FDC-42A3-9474-1A3956D46DE8}") = "src", "src", "{0E9B6370-2031-4FCB-927B-194A75C60CF2}"
EndProject
Project("{FAE04EC0-301F-11D3-BF4B-00C04F79EFBC}") = "Application", "src\Application\Application.csproj", "{16FA16D4-BC59-4165-82B7-A9A06C824A76}"
EndProject
Project("{FAE04EC0-301F-11D3-BF4B-00C04F79EFBC}") = "Domain", "src\Domain\Domain.csproj", "{71187B3A-63EE-47D8-BA28-BF6B6775994B}"
EndProject
Project("{FAE04EC0-301F-11D3-BF4B-00C04F79EFBC}") = "Infrastructure", "src\Infrastructure\Infrastructure.csproj", "{70C3C0CE-EF9E-4AC1-8323-948AD474F67E}"
EndProject
EndProject
Project("{FAE04EC0-301F-11D3-BF4B-00C04F79EFBC}") = "Shared", "src\Shared\Shared.csproj", "{1FCAB469-403B-4735-8AB3-68F7A8862EC6}"
EndProject
Project("{2150E333-8FDC-42A3-9474-1A3956D46DE8}") = "Test", "Test", "{E213AFDE-1AEA-4B9F-B503-FA2EAE00A10D}"
EndProject
Project("{FAE04EC0-301F-11D3-BF4B-00C04F79EFBC}") = "Application.Tests", "src\Test\Application\Application.Tests.csproj", "{BE1BF816-5ED5-4705-8AB5-D2863786E769}"
EndProject
Project("{FAE04EC0-301F-11D3-BF4B-00C04F79EFBC}") = "Domain.Tests", "src\Test\Domain\Domain.Tests.csproj", "{2F3E7DED-9703-4F66-AE77-1D2DC95E0F7A}"
EndProject
Project("{FAE04EC0-301F-11D3-BF4B-00C04F79EFBC}") = "Infrastructure.Tests", "src\Test\Infrastructure\Infrastructure.Tests.csproj", "{C6D82BA1-F30C-4895-AE2F-41BFB07F5978}"
EndProject
EndProject
Project("{FAE04EC0-301F-11D3-BF4B-00C04F79EFBC}") = "Shared.Tests", "src\Test\Shared\Shared.Tests.csproj", "{EB47C9AD-5380-4643-91F1-B34A44512BA9}"
EndProject
Global
	GlobalSection(SolutionConfigurationPlatforms) = preSolution
		Debug|Any CPU = Debug|Any CPU
		Release|Any CPU = Release|Any CPU
	EndGlobalSection
	GlobalSection(SolutionProperties) = preSolution
		HideSolutionNode = FALSE
	EndGlobalSection
	GlobalSection(ProjectConfigurationPlatforms) = postSolution
		{16FA16D4-BC59-4165-82B7-A9A06C824A76}.Debug|Any CPU.ActiveCfg = Debug|Any CPU
		{16FA16D4-BC59-4165-82B7-A9A06C824A76}.Debug|Any CPU.Build.0 = Debug|Any CPU
		{16FA16D4-BC59-4165-82B7-A9A06C824A76}.Release|Any CPU.ActiveCfg = Release|Any CPU
		{16FA16D4-BC59-4165-82B7-A9A06C824A76}.Release|Any CPU.Build.0 = Release|Any CPU
		{71187B3A-63EE-47D8-BA28-BF6B6775994B}.Debug|Any CPU.ActiveCfg = Debug|Any CPU
		{71187B3A-63EE-47D8-BA28-BF6B6775994B}.Debug|Any CPU.Build.0 = Debug|Any CPU
		{71187B3A-63EE-47D8-BA28-BF6B6775994B}.Release|Any CPU.ActiveCfg = Release|Any CPU
		{71187B3A-63EE-47D8-BA28-BF6B6775994B}.Release|Any CPU.Build.0 = Release|Any CPU
		{70C3C0CE-EF9E-4AC1-8323-948AD474F67E}.Debug|Any CPU.ActiveCfg = Debug|Any CPU
		{70C3C0CE-EF9E-4AC1-8323-948AD474F67E}.Debug|Any CPU.Build.0 = Debug|Any CPU
		{70C3C0CE-EF9E-4AC1-8323-948AD474F67E}.Release|Any CPU.ActiveCfg = Release|Any CPU
		{70C3C0CE-EF9E-4AC1-8323-948AD474F67E}.Release|Any CPU.Build.0 = Release|Any CPU
		{1FCAB469-403B-4735-8AB3-68F7A8862EC6}.Debug|Any CPU.ActiveCfg = Debug|Any CPU
		{1FCAB469-403B-4735-8AB3-68F7A8862EC6}.Debug|Any CPU.Build.0 = Debug|Any CPU
		{1FCAB469-403B-4735-8AB3-68F7A8862EC6}.Release|Any CPU.ActiveCfg = Release|Any CPU
		{1FCAB469-403B-4735-8AB3-68F7A8862EC6}.Release|Any CPU.Build.0 = Release|Any CPU
		{BE1BF816-5ED5-4705-8AB5-D2863786E769}.Debug|Any CPU.ActiveCfg = Debug|Any CPU
		{BE1BF816-5ED5-4705-8AB5-D2863786E769}.Debug|Any CPU.Build.0 = Debug|Any CPU
		{BE1BF816-5ED5-4705-8AB5-D2863786E769}.Release|Any CPU.ActiveCfg = Release|Any CPU
		{BE1BF816-5ED5-4705-8AB5-D2863786E769}.Release|Any CPU.Build.0 = Release|Any CPU
		{2F3E7DED-9703-4F66-AE77-1D2DC95E0F7A}.Debug|Any CPU.ActiveCfg = Debug|Any CPU
		{2F3E7DED-9703-4F66-AE77-1D2DC95E0F7A}.Debug|Any CPU.Build.0 = Debug|Any CPU
		{2F3E7DED-9703-4F66-AE77-1D2DC95E0F7A}.Release|Any CPU.ActiveCfg = Release|Any CPU
		{2F3E7DED-9703-4F66-AE77-1D2DC95E0F7A}.Release|Any CPU.Build.0 = Release|Any CPU
		{C6D82BA1-F30C-4895-AE2F-41BFB07F5978}.Debug|Any CPU.ActiveCfg = Debug|Any CPU
		{C6D82BA1-F30C-4895-AE2F-41BFB07F5978}.Debug|Any CPU.Build.0 = Debug|Any CPU
		{C6D82BA1-F30C-4895-AE2F-41BFB07F5978}.Release|Any CPU.ActiveCfg = Release|Any CPU
		{C6D82BA1-F30C-4895-AE2F-41BFB07F5978}.Release|Any CPU.Build.0 = Release|Any CPU
		{EB47C9AD-5380-4643-91F1-B34A44512BA9}.Debug|Any CPU.ActiveCfg = Debug|Any CPU
		{EB47C9AD-5380-4643-91F1-B34A44512BA9}.Debug|Any CPU.Build.0 = Debug|Any CPU
		{EB47C9AD-5380-4643-91F1-B34A44512BA9}.Release|Any CPU.ActiveCfg = Release|Any CPU
		{EB47C9AD-5380-4643-91F1-B34A44512BA9}.Release|Any CPU.Build.0 = Release|Any CPU
	EndGlobalSection
	GlobalSection(NestedProjects) = preSolution
		{16FA16D4-BC59-4165-82B7-A9A06C824A76} = {0E9B6370-2031-4FCB-927B-194A75C60CF2}
		{71187B3A-63EE-47D8-BA28-BF6B6775994B} = {0E9B6370-2031-4FCB-927B-194A75C60CF2}
		{70C3C0CE-EF9E-4AC1-8323-948AD474F67E} = {0E9B6370-2031-4FCB-927B-194A75C60CF2}
		{1FCAB469-403B-4735-8AB3-68F7A8862EC6} = {0E9B6370-2031-4FCB-927B-194A75C60CF2}
		{E213AFDE-1AEA-4B9F-B503-FA2EAE00A10D} = {0E9B6370-2031-4FCB-927B-194A75C60CF2}
		{BE1BF816-5ED5-4705-8AB5-D2863786E769} = {E213AFDE-1AEA-4B9F-B503-FA2EAE00A10D}
		{2F3E7DED-9703-4F66-AE77-1D2DC95E0F7A} = {E213AFDE-1AEA-4B9F-B503-FA2EAE00A10D}
		{C6D82BA1-F30C-4895-AE2F-41BFB07F5978} = {E213AFDE-1AEA-4B9F-B503-FA2EAE00A10D}
		{EB47C9AD-5380-4643-91F1-B34A44512BA9} = {E213AFDE-1AEA-4B9F-B503-FA2EAE00A10D}
	EndGlobalSection
EndGlobal
